
Microsoft Visual Studio Solution File, Format Version 12.00
# Visual Studio Version 17
VisualStudioVersion = 17.5.33627.172
MinimumVisualStudioVersion = 10.0.40219.1
Project("{9A19103F-16F7-4668-BE54-9A1E7A4F7556}") = "Glitch", "Glitch\Glitch.csproj", "{564E8F4D-169A-42AC-891D-E5AA32AB5E4D}"
EndProject
Project("{FAE04EC0-301F-11D3-BF4B-00C04F79EFBC}") = "Glitch.Glob", "Glitch.Glob\Glitch.Glob.csproj", "{D94CA638-176E-489A-BF56-04E8675E49F7}"
EndProject
Project("{FAE04EC0-301F-11D3-BF4B-00C04F79EFBC}") = "Glitch.Test", "Glitch.Test\Glitch.Test.csproj", "{448C22E4-18A7-41DA-9627-E7D115D689F9}"
EndProject
Project("{FAE04EC0-301F-11D3-BF4B-00C04F79EFBC}") = "Glitch.CodeAnalysis", "Glitch.CodeAnalysis\Glitch.CodeAnalysis.csproj", "{465D726B-F433-4C04-834A-0CA0A68F84BD}"
EndProject
Global
	GlobalSection(SolutionConfigurationPlatforms) = preSolution
		Debug|Any CPU = Debug|Any CPU
		Release|Any CPU = Release|Any CPU
	EndGlobalSection
	GlobalSection(ProjectConfigurationPlatforms) = postSolution
		{564E8F4D-169A-42AC-891D-E5AA32AB5E4D}.Debug|Any CPU.ActiveCfg = Debug|Any CPU
		{564E8F4D-169A-42AC-891D-E5AA32AB5E4D}.Debug|Any CPU.Build.0 = Debug|Any CPU
		{564E8F4D-169A-42AC-891D-E5AA32AB5E4D}.Release|Any CPU.ActiveCfg = Release|Any CPU
		{564E8F4D-169A-42AC-891D-E5AA32AB5E4D}.Release|Any CPU.Build.0 = Release|Any CPU
		{D94CA638-176E-489A-BF56-04E8675E49F7}.Debug|Any CPU.ActiveCfg = Debug|Any CPU
		{D94CA638-176E-489A-BF56-04E8675E49F7}.Debug|Any CPU.Build.0 = Debug|Any CPU
		{D94CA638-176E-489A-BF56-04E8675E49F7}.Release|Any CPU.ActiveCfg = Release|Any CPU
		{D94CA638-176E-489A-BF56-04E8675E49F7}.Release|Any CPU.Build.0 = Release|Any CPU
		{448C22E4-18A7-41DA-9627-E7D115D689F9}.Debug|Any CPU.ActiveCfg = Debug|Any CPU
		{448C22E4-18A7-41DA-9627-E7D115D689F9}.Debug|Any CPU.Build.0 = Debug|Any CPU
		{448C22E4-18A7-41DA-9627-E7D115D689F9}.Release|Any CPU.ActiveCfg = Release|Any CPU
		{448C22E4-18A7-41DA-9627-E7D115D689F9}.Release|Any CPU.Build.0 = Release|Any CPU
		{465D726B-F433-4C04-834A-0CA0A68F84BD}.Debug|Any CPU.ActiveCfg = Debug|Any CPU
		{465D726B-F433-4C04-834A-0CA0A68F84BD}.Debug|Any CPU.Build.0 = Debug|Any CPU
		{465D726B-F433-4C04-834A-0CA0A68F84BD}.Release|Any CPU.ActiveCfg = Release|Any CPU
		{465D726B-F433-4C04-834A-0CA0A68F84BD}.Release|Any CPU.Build.0 = Release|Any CPU
	EndGlobalSection
	GlobalSection(SolutionProperties) = preSolution
		HideSolutionNode = FALSE
	EndGlobalSection
	GlobalSection(ExtensibilityGlobals) = postSolution
		SolutionGuid = {0E35561B-52DC-4516-BDBE-C4DAD299A2EA}
	EndGlobalSection
EndGlobal
